{
  "nodes": {
    "devshell": {
      "inputs": {
        "flake-utils": "flake-utils_3",
        "nixpkgs": [
          "nix-topology",
          "nixpkgs"
        ]
      },
      "locked": {
        "lastModified": 1713532798,
        "narHash": "sha256-wtBhsdMJA3Wa32Wtm1eeo84GejtI43pMrFrmwLXrsEc=",
        "owner": "numtide",
        "repo": "devshell",
        "rev": "12e914740a25ea1891ec619bb53cf5e6ca922e40",
        "type": "github"
      },
      "original": {
        "owner": "numtide",
        "repo": "devshell",
        "type": "github"
      }
    },
    "disko": {
      "inputs": {
        "nixpkgs": [
          "nixpkgs"
        ]
      },
      "locked": {
        "lastModified": 1727097838,
        "narHash": "sha256-URruiiuIyKzao6QcGXQXFaX3RRvlNFHHm19uOGmB0Dw=",
        "owner": "nix-community",
        "repo": "disko",
        "rev": "b1d6bed240abef5f5373e88fc7909f493013e557",
        "type": "github"
      },
      "original": {
        "owner": "nix-community",
        "repo": "disko",
        "type": "github"
      }
    },
    "dns": {
      "inputs": {
        "flake-utils": "flake-utils",
        "nixpkgs": [
          "nixpkgs"
        ]
      },
      "locked": {
        "lastModified": 1726867691,
        "narHash": "sha256-IK3r16N9pizf53AipOmrcrcyjVsPJwC4PI5hIqEyKwQ=",
        "owner": "nix-community",
        "repo": "dns.nix",
        "rev": "a3196708a56dee76186a9415c187473b94e6cbae",
        "type": "github"
      },
      "original": {
        "owner": "nix-community",
        "repo": "dns.nix",
        "type": "github"
      }
    },
    "flake-compat": {
      "flake": false,
      "locked": {
        "lastModified": 1696426674,
        "narHash": "sha256-kvjfFW7WAETZlt09AgDn1MrtKzP7t90Vf7vypd3OL1U=",
        "owner": "edolstra",
        "repo": "flake-compat",
        "rev": "0f9255e01c2351cc7d116c072cb317785dd33b33",
        "type": "github"
      },
      "original": {
        "owner": "edolstra",
        "repo": "flake-compat",
        "type": "github"
      }
    },
    "flake-utils": {
      "locked": {
        "lastModified": 1614513358,
        "narHash": "sha256-LakhOx3S1dRjnh0b5Dg3mbZyH0ToC9I8Y2wKSkBaTzU=",
        "owner": "numtide",
        "repo": "flake-utils",
        "rev": "5466c5bbece17adaab2d82fae80b46e807611bf3",
        "type": "github"
      },
      "original": {
        "owner": "numtide",
        "repo": "flake-utils",
        "type": "github"
      }
    },
    "flake-utils_2": {
      "inputs": {
        "systems": "systems"
      },
      "locked": {
        "lastModified": 1710146030,
        "narHash": "sha256-SZ5L6eA7HJ/nmkzGG7/ISclqe6oZdOZTNoesiInkXPQ=",
        "owner": "numtide",
        "repo": "flake-utils",
        "rev": "b1d9ab70662946ef0850d488da1c9019f3a9752a",
        "type": "github"
      },
      "original": {
        "owner": "numtide",
        "repo": "flake-utils",
        "type": "github"
      }
    },
    "flake-utils_3": {
      "inputs": {
        "systems": "systems_2"
      },
      "locked": {
        "lastModified": 1701680307,
        "narHash": "sha256-kAuep2h5ajznlPMD9rnQyffWG8EM/C73lejGofXvdM8=",
        "owner": "numtide",
        "repo": "flake-utils",
        "rev": "4022d587cbbfd70fe950c1e2083a02621806a725",
        "type": "github"
      },
      "original": {
        "owner": "numtide",
        "repo": "flake-utils",
        "type": "github"
      }
    },
    "flake-utils_4": {
      "inputs": {
        "systems": "systems_3"
      },
      "locked": {
        "lastModified": 1710146030,
        "narHash": "sha256-SZ5L6eA7HJ/nmkzGG7/ISclqe6oZdOZTNoesiInkXPQ=",
        "owner": "numtide",
        "repo": "flake-utils",
        "rev": "b1d9ab70662946ef0850d488da1c9019f3a9752a",
        "type": "github"
      },
      "original": {
        "owner": "numtide",
        "repo": "flake-utils",
        "type": "github"
      }
    },
    "flake-utils_5": {
      "inputs": {
        "systems": "systems_4"
      },
      "locked": {
        "lastModified": 1681202837,
        "narHash": "sha256-H+Rh19JDwRtpVPAWp64F+rlEtxUWBAQW28eAi3SRSzg=",
        "owner": "numtide",
        "repo": "flake-utils",
        "rev": "cfacdce06f30d2b68473a46042957675eebb3401",
        "type": "github"
      },
      "original": {
        "owner": "numtide",
        "repo": "flake-utils",
        "type": "github"
      }
    },
    "gitignore": {
      "inputs": {
        "nixpkgs": [
          "nix-topology",
          "pre-commit-hooks",
          "nixpkgs"
        ]
      },
      "locked": {
        "lastModified": 1709087332,
        "narHash": "sha256-HG2cCnktfHsKV0s4XW83gU3F57gaTljL9KNSuG6bnQs=",
        "owner": "hercules-ci",
        "repo": "gitignore.nix",
        "rev": "637db329424fd7e46cf4185293b9cc8c88c95394",
        "type": "github"
      },
      "original": {
        "owner": "hercules-ci",
        "repo": "gitignore.nix",
        "type": "github"
      }
    },
    "home-manager": {
      "inputs": {
        "nixpkgs": [
          "nixpkgs-unstable"
        ]
      },
      "locked": {
        "lastModified": 1727111745,
        "narHash": "sha256-EYLvFRoTPWtD+3uDg2wwQvlz88OrIr3zld+jFE5gDcY=",
        "owner": "nix-community",
        "repo": "home-manager",
        "rev": "21c021862fa696c8199934e2153214ab57150cb6",
        "type": "github"
      },
      "original": {
        "owner": "nix-community",
        "repo": "home-manager",
        "type": "github"
      }
    },
    "immich-review": {
      "locked": {
        "lastModified": 1727123883,
        "narHash": "sha256-05DL1YVMING1iokhCx/YNunzqU6oqcporr9Y0kPOcp4=",
        "owner": "jvanbruegge",
        "repo": "nixpkgs",
        "rev": "9d834dc4ecd42965a4357a96813780f587664d56",
        "type": "github"
      },
      "original": {
        "owner": "jvanbruegge",
        "ref": "immich",
        "repo": "nixpkgs",
        "type": "github"
      }
    },
    "impermanence": {
      "locked": {
        "lastModified": 1727125666,
        "narHash": "sha256-hmmctvhlx0mUOm/Dv3tRewSoCX7Y0MaUDNkEsSlq3lY=",
        "owner": "nix-community",
        "repo": "impermanence",
        "rev": "85fe07276d8b58cff91bfeb332940e9c7b73c135",
        "type": "github"
      },
      "original": {
        "owner": "nix-community",
        "repo": "impermanence",
        "type": "github"
      }
    },
    "microvm": {
      "inputs": {
        "flake-utils": "flake-utils_2",
        "nixpkgs": [
          "nixpkgs"
        ],
        "spectrum": "spectrum"
      },
      "locked": {
        "lastModified": 1726161490,
        "narHash": "sha256-tzGcRRhhK5lAuBtlHl3D/TR2V3egPLV4BBcN2+4CyY0=",
        "owner": "astro",
        "repo": "microvm.nix",
        "rev": "af604aa08ac9a4ae585beaf1a3482897a27ab67e",
        "type": "github"
      },
      "original": {
        "owner": "astro",
        "repo": "microvm.nix",
        "type": "github"
      }
    },
    "nix-topology": {
      "inputs": {
        "devshell": "devshell",
        "flake-utils": "flake-utils_4",
        "nixpkgs": [
          "nixpkgs"
        ],
        "pre-commit-hooks": "pre-commit-hooks"
      },
      "locked": {
        "lastModified": 1725483443,
        "narHash": "sha256-WzOlGMKV/51Fccn/OMHcm5yrqgbOJZrJIy1ya4pW0u8=",
        "owner": "oddlama",
        "repo": "nix-topology",
        "rev": "8738d94670265beb166954c4e3a26e432f79f68c",
        "type": "github"
      },
      "original": {
        "owner": "oddlama",
        "repo": "nix-topology",
        "type": "github"
      }
    },
    "nixpkgs-stable": {
      "locked": {
        "lastModified": 1710695816,
        "narHash": "sha256-3Eh7fhEID17pv9ZxrPwCLfqXnYP006RKzSs0JptsN84=",
        "owner": "NixOS",
        "repo": "nixpkgs",
        "rev": "614b4613980a522ba49f0d194531beddbb7220d3",
        "type": "github"
      },
      "original": {
        "owner": "NixOS",
        "ref": "nixos-23.11",
        "repo": "nixpkgs",
        "type": "github"
      }
    },
    "nixpkgs-stable_2": {
      "locked": {
        "lastModified": 1720535198,
        "narHash": "sha256-zwVvxrdIzralnSbcpghA92tWu2DV2lwv89xZc8MTrbg=",
        "owner": "NixOS",
        "repo": "nixpkgs",
        "rev": "205fd4226592cc83fd4c0885a3e4c9c400efabb5",
        "type": "github"
      },
      "original": {
        "owner": "NixOS",
        "ref": "nixos-23.11",
        "repo": "nixpkgs",
        "type": "github"
      }
    },
    "nixpkgs-stable_3": {
      "locked": {
        "lastModified": 1725762081,
        "narHash": "sha256-vNv+aJUW5/YurRy1ocfvs4q/48yVESwlC/yHzjkZSP8=",
        "owner": "NixOS",
        "repo": "nixpkgs",
        "rev": "dc454045f5b5d814e5862a6d057e7bb5c29edc05",
        "type": "github"
      },
      "original": {
        "owner": "NixOS",
        "ref": "release-24.05",
        "repo": "nixpkgs",
        "type": "github"
      }
    },
    "nixpkgs-unstable": {
      "locked": {
        "lastModified": 1726937504,
        "narHash": "sha256-bvGoiQBvponpZh8ClUcmJ6QnsNKw0EMrCQJARK3bI1c=",
        "owner": "NixOS",
        "repo": "nixpkgs",
        "rev": "9357f4f23713673f310988025d9dc261c20e70c6",
        "type": "github"
      },
      "original": {
        "owner": "NixOS",
        "ref": "nixos-unstable",
        "repo": "nixpkgs",
        "type": "github"
      }
    },
    "pre-commit-hooks": {
      "inputs": {
        "flake-compat": "flake-compat",
        "flake-utils": [
          "nix-topology",
          "flake-utils"
        ],
        "gitignore": "gitignore",
        "nixpkgs": [
          "nix-topology",
          "nixpkgs"
        ],
        "nixpkgs-stable": "nixpkgs-stable"
      },
      "locked": {
        "lastModified": 1714478972,
        "narHash": "sha256-q//cgb52vv81uOuwz1LaXElp3XAe1TqrABXODAEF6Sk=",
        "owner": "cachix",
        "repo": "pre-commit-hooks.nix",
        "rev": "2849da033884f54822af194400f8dff435ada242",
        "type": "github"
      },
      "original": {
        "owner": "cachix",
        "repo": "pre-commit-hooks.nix",
        "type": "github"
      }
    },
    "root": {
      "inputs": {
        "disko": "disko",
        "dns": "dns",
        "home-manager": "home-manager",
        "immich-review": "immich-review",
        "impermanence": "impermanence",
        "microvm": "microvm",
        "nix-topology": "nix-topology",
        "nixpkgs": [
          "nixpkgs-unstable"
        ],
        "nixpkgs-stable": "nixpkgs-stable_2",
        "nixpkgs-unstable": "nixpkgs-unstable",
        "sops-nix": "sops-nix",
        "treefmt-nix": "treefmt-nix",
        "vscode-server": "vscode-server"
      }
    },
    "sops-nix": {
      "inputs": {
        "nixpkgs": [
          "nixpkgs"
        ],
        "nixpkgs-stable": "nixpkgs-stable_3"
      },
      "locked": {
        "lastModified": 1726524647,
        "narHash": "sha256-qis6BtOOBBEAfUl7FMHqqTwRLB61OL5OFzIsOmRz2J4=",
        "owner": "Mic92",
        "repo": "sops-nix",
        "rev": "e2d404a7ea599a013189aa42947f66cede0645c8",
        "type": "github"
      },
      "original": {
        "owner": "Mic92",
        "repo": "sops-nix",
        "type": "github"
      }
    },
    "spectrum": {
      "flake": false,
      "locked": {
        "lastModified": 1720264467,
        "narHash": "sha256-xzM92n3Q9L90faJIJrkrTtTx+JqCGRHMkHWztkV4PuY=",
        "ref": "refs/heads/main",
        "rev": "fb59d42542049f586c84b0f8bb86ff3be338e9d3",
        "revCount": 674,
        "type": "git",
        "url": "https://spectrum-os.org/git/spectrum"
      },
      "original": {
        "type": "git",
        "url": "https://spectrum-os.org/git/spectrum"
      }
    },
    "systems": {
      "locked": {
        "lastModified": 1681028828,
        "narHash": "sha256-Vy1rq5AaRuLzOxct8nz4T6wlgyUR7zLU309k9mBC768=",
        "owner": "nix-systems",
        "repo": "default",
        "rev": "da67096a3b9bf56a91d16901293e51ba5b49a27e",
        "type": "github"
      },
      "original": {
        "owner": "nix-systems",
        "repo": "default",
        "type": "github"
      }
    },
    "systems_2": {
      "locked": {
        "lastModified": 1681028828,
        "narHash": "sha256-Vy1rq5AaRuLzOxct8nz4T6wlgyUR7zLU309k9mBC768=",
        "owner": "nix-systems",
        "repo": "default",
        "rev": "da67096a3b9bf56a91d16901293e51ba5b49a27e",
        "type": "github"
      },
      "original": {
        "owner": "nix-systems",
        "repo": "default",
        "type": "github"
      }
    },
    "systems_3": {
      "locked": {
        "lastModified": 1681028828,
        "narHash": "sha256-Vy1rq5AaRuLzOxct8nz4T6wlgyUR7zLU309k9mBC768=",
        "owner": "nix-systems",
        "repo": "default",
        "rev": "da67096a3b9bf56a91d16901293e51ba5b49a27e",
        "type": "github"
      },
      "original": {
        "owner": "nix-systems",
        "repo": "default",
        "type": "github"
      }
    },
    "systems_4": {
      "locked": {
        "lastModified": 1681028828,
        "narHash": "sha256-Vy1rq5AaRuLzOxct8nz4T6wlgyUR7zLU309k9mBC768=",
        "owner": "nix-systems",
        "repo": "default",
        "rev": "da67096a3b9bf56a91d16901293e51ba5b49a27e",
        "type": "github"
      },
      "original": {
        "owner": "nix-systems",
        "repo": "default",
        "type": "github"
      }
    },
    "treefmt-nix": {
      "inputs": {
        "nixpkgs": [
          "nixpkgs"
        ]
      },
      "locked": {
        "lastModified": 1727098951,
        "narHash": "sha256-gplorAc0ISAUPemUNOnRUs7jr3WiLiHZb3DJh++IkZs=",
        "owner": "numtide",
        "repo": "treefmt-nix",
        "rev": "35dfece10c642eb52928a48bee7ac06a59f93e9a",
        "type": "github"
      },
      "original": {
        "owner": "numtide",
        "repo": "treefmt-nix",
        "type": "github"
      }
    },
    "vscode-server": {
      "inputs": {
        "flake-utils": "flake-utils_5",
        "nixpkgs": [
          "nixpkgs"
        ]
      },
      "locked": {
        "lastModified": 1713958148,
        "narHash": "sha256-8PDNi/dgoI2kyM7uSiU4eoLBqUKoA+3TXuz+VWmuCOc=",
        "owner": "nix-community",
        "repo": "nixos-vscode-server",
        "rev": "fc900c16efc6a5ed972fb6be87df018bcf3035bc",
        "type": "github"
      },
      "original": {
        "owner": "nix-community",
        "repo": "nixos-vscode-server",
        "type": "github"
      }
    }
  },
  "root": "root",
  "version": 7
}
